
Microsoft Visual Studio Solution File, Format Version 12.00
# Visual Studio Version 16
VisualStudioVersion = 16.0.29728.190
MinimumVisualStudioVersion = 10.0.40219.1
Project("{FAE04EC0-301F-11D3-BF4B-00C04F79EFBC}") = "JAN ARNEL BANAAG", "JAN ARNEL BANAAG\JAN ARNEL BANAAG.csproj", "{D5204FA7-26E3-4F1E-A2F7-C0923C320084}"
EndProject
Global
	GlobalSection(SolutionConfigurationPlatforms) = preSolution
		Debug|Any CPU = Debug|Any CPU
		Release|Any CPU = Release|Any CPU
	EndGlobalSection
	GlobalSection(ProjectConfigurationPlatforms) = postSolution
		{D5204FA7-26E3-4F1E-A2F7-C0923C320084}.Debug|Any CPU.ActiveCfg = Debug|Any CPU
		{D5204FA7-26E3-4F1E-A2F7-C0923C320084}.Debug|Any CPU.Build.0 = Debug|Any CPU
		{D5204FA7-26E3-4F1E-A2F7-C0923C320084}.Release|Any CPU.ActiveCfg = Release|Any CPU
		{D5204FA7-26E3-4F1E-A2F7-C0923C320084}.Release|Any CPU.Build.0 = Release|Any CPU
	EndGlobalSection
	GlobalSection(SolutionProperties) = preSolution
		HideSolutionNode = FALSE
	EndGlobalSection
	GlobalSection(ExtensibilityGlobals) = postSolution
		SolutionGuid = {29C9E7AB-E27F-4E1C-AE86-09220FEF2F5D}
	EndGlobalSection
EndGlobal
